
Microsoft Visual Studio Solution File, Format Version 12.00
# Visual Studio 15
VisualStudioVersion = 15.0.27130.2024
MinimumVisualStudioVersion = 10.0.40219.1
Project("{9A19103F-16F7-4668-BE54-9A1E7A4F7556}") = "Api", "Api\Api.csproj", "{93DCDDD1-C3D8-4464-8208-5ACBB84E93AD}"
EndProject
Project("{9A19103F-16F7-4668-BE54-9A1E7A4F7556}") = "Domain", "Domain\Domain.csproj", "{AAD25A6B-2CA8-4261-A201-9749EAB40574}"
EndProject
Project("{9A19103F-16F7-4668-BE54-9A1E7A4F7556}") = "Repository", "Repository\Repository.csproj", "{F1476B44-422C-40D0-8D9C-0CF56CA5E218}"
EndProject
Project("{9A19103F-16F7-4668-BE54-9A1E7A4F7556}") = "Manager", "Manager\Manager.csproj", "{813B0B87-899F-4F22-9BE1-8D7FD8B3883B}"
EndProject
Project("{9A19103F-16F7-4668-BE54-9A1E7A4F7556}") = "Infrastructure", "Infrastructure\Infrastructure.csproj", "{81BF7217-4F63-4512-B8C9-54C3038B4668}"
EndProject
Project("{9A19103F-16F7-4668-BE54-9A1E7A4F7556}") = "Tools", "Tools\Tools.csproj", "{30DE16AF-4A7A-4E8D-ACC1-1EFD2F82F6FC}"
EndProject
Project("{2150E333-8FDC-42A3-9474-1A3956D46DE8}") = "Connector", "Connector", "{5936CF42-3646-46C5-A21B-AD4BF2E59BEF}"
EndProject
Project("{9A19103F-16F7-4668-BE54-9A1E7A4F7556}") = "TwitterConnector", "Connector\TwitterConnector\TwitterConnector.csproj", "{81038408-47B3-4A27-B4A7-A26CCC89943C}"
EndProject
Project("{2150E333-8FDC-42A3-9474-1A3956D46DE8}") = "Tests", "Tests", "{49597AAE-5728-44D5-B74A-984E2E51C221}"
EndProject
Project("{9A19103F-16F7-4668-BE54-9A1E7A4F7556}") = "TwitterTests", "Tests\TwitterTests\TwitterTests.csproj", "{F16803B6-0444-4784-AE81-1D1EBBE9BC52}"
EndProject
Project("{2150E333-8FDC-42A3-9474-1A3956D46DE8}") = "Neural", "Neural", "{4CDB2EFF-3E77-44A8-B28B-1D375CD339CA}"
EndProject
Project("{9A19103F-16F7-4668-BE54-9A1E7A4F7556}") = "MRNeural", "LRNeural\MRNeural.csproj", "{2B2B033A-DCC7-44A8-8633-15002F69E354}"
EndProject
Project("{9A19103F-16F7-4668-BE54-9A1E7A4F7556}") = "LRNeuralClientTest", "LRNeuralClientTest\LRNeuralClientTest.csproj", "{58007C48-7CFB-40BB-B6AC-AFAB3F7A1F51}"
EndProject
Project("{9A19103F-16F7-4668-BE54-9A1E7A4F7556}") = "MRNeuralTest", "LRNeuralTest\MRNeuralTest.csproj", "{15F82107-52D4-40A4-A878-880ECB7B65CB}"
EndProject
Project("{FAE04EC0-301F-11D3-BF4B-00C04F79EFBC}") = "AmazonConnector", "AmazonConnector\AmazonConnector.csproj", "{23529055-F2D9-4C59-9ECD-72D3E834A2C9}"
EndProject
Global
	GlobalSection(SolutionConfigurationPlatforms) = preSolution
		Debug|Any CPU = Debug|Any CPU
		Release|Any CPU = Release|Any CPU
	EndGlobalSection
	GlobalSection(ProjectConfigurationPlatforms) = postSolution
		{93DCDDD1-C3D8-4464-8208-5ACBB84E93AD}.Debug|Any CPU.ActiveCfg = Debug|Any CPU
		{93DCDDD1-C3D8-4464-8208-5ACBB84E93AD}.Debug|Any CPU.Build.0 = Debug|Any CPU
		{93DCDDD1-C3D8-4464-8208-5ACBB84E93AD}.Release|Any CPU.ActiveCfg = Release|Any CPU
		{93DCDDD1-C3D8-4464-8208-5ACBB84E93AD}.Release|Any CPU.Build.0 = Release|Any CPU
		{AAD25A6B-2CA8-4261-A201-9749EAB40574}.Debug|Any CPU.ActiveCfg = Debug|Any CPU
		{AAD25A6B-2CA8-4261-A201-9749EAB40574}.Debug|Any CPU.Build.0 = Debug|Any CPU
		{AAD25A6B-2CA8-4261-A201-9749EAB40574}.Release|Any CPU.ActiveCfg = Release|Any CPU
		{AAD25A6B-2CA8-4261-A201-9749EAB40574}.Release|Any CPU.Build.0 = Release|Any CPU
		{F1476B44-422C-40D0-8D9C-0CF56CA5E218}.Debug|Any CPU.ActiveCfg = Debug|Any CPU
		{F1476B44-422C-40D0-8D9C-0CF56CA5E218}.Debug|Any CPU.Build.0 = Debug|Any CPU
		{F1476B44-422C-40D0-8D9C-0CF56CA5E218}.Release|Any CPU.ActiveCfg = Release|Any CPU
		{F1476B44-422C-40D0-8D9C-0CF56CA5E218}.Release|Any CPU.Build.0 = Release|Any CPU
		{813B0B87-899F-4F22-9BE1-8D7FD8B3883B}.Debug|Any CPU.ActiveCfg = Debug|Any CPU
		{813B0B87-899F-4F22-9BE1-8D7FD8B3883B}.Debug|Any CPU.Build.0 = Debug|Any CPU
		{813B0B87-899F-4F22-9BE1-8D7FD8B3883B}.Release|Any CPU.ActiveCfg = Release|Any CPU
		{813B0B87-899F-4F22-9BE1-8D7FD8B3883B}.Release|Any CPU.Build.0 = Release|Any CPU
		{81BF7217-4F63-4512-B8C9-54C3038B4668}.Debug|Any CPU.ActiveCfg = Debug|Any CPU
		{81BF7217-4F63-4512-B8C9-54C3038B4668}.Debug|Any CPU.Build.0 = Debug|Any CPU
		{81BF7217-4F63-4512-B8C9-54C3038B4668}.Release|Any CPU.ActiveCfg = Release|Any CPU
		{81BF7217-4F63-4512-B8C9-54C3038B4668}.Release|Any CPU.Build.0 = Release|Any CPU
		{30DE16AF-4A7A-4E8D-ACC1-1EFD2F82F6FC}.Debug|Any CPU.ActiveCfg = Debug|Any CPU
		{30DE16AF-4A7A-4E8D-ACC1-1EFD2F82F6FC}.Debug|Any CPU.Build.0 = Debug|Any CPU
		{30DE16AF-4A7A-4E8D-ACC1-1EFD2F82F6FC}.Release|Any CPU.ActiveCfg = Release|Any CPU
		{30DE16AF-4A7A-4E8D-ACC1-1EFD2F82F6FC}.Release|Any CPU.Build.0 = Release|Any CPU
		{81038408-47B3-4A27-B4A7-A26CCC89943C}.Debug|Any CPU.ActiveCfg = Debug|Any CPU
		{81038408-47B3-4A27-B4A7-A26CCC89943C}.Debug|Any CPU.Build.0 = Debug|Any CPU
		{81038408-47B3-4A27-B4A7-A26CCC89943C}.Release|Any CPU.ActiveCfg = Release|Any CPU
		{81038408-47B3-4A27-B4A7-A26CCC89943C}.Release|Any CPU.Build.0 = Release|Any CPU
		{F16803B6-0444-4784-AE81-1D1EBBE9BC52}.Debug|Any CPU.ActiveCfg = Debug|Any CPU
		{F16803B6-0444-4784-AE81-1D1EBBE9BC52}.Debug|Any CPU.Build.0 = Debug|Any CPU
		{F16803B6-0444-4784-AE81-1D1EBBE9BC52}.Release|Any CPU.ActiveCfg = Release|Any CPU
		{F16803B6-0444-4784-AE81-1D1EBBE9BC52}.Release|Any CPU.Build.0 = Release|Any CPU
		{2B2B033A-DCC7-44A8-8633-15002F69E354}.Debug|Any CPU.ActiveCfg = Debug|Any CPU
		{2B2B033A-DCC7-44A8-8633-15002F69E354}.Debug|Any CPU.Build.0 = Debug|Any CPU
		{2B2B033A-DCC7-44A8-8633-15002F69E354}.Release|Any CPU.ActiveCfg = Release|Any CPU
		{2B2B033A-DCC7-44A8-8633-15002F69E354}.Release|Any CPU.Build.0 = Release|Any CPU
		{58007C48-7CFB-40BB-B6AC-AFAB3F7A1F51}.Debug|Any CPU.ActiveCfg = Debug|Any CPU
		{58007C48-7CFB-40BB-B6AC-AFAB3F7A1F51}.Debug|Any CPU.Build.0 = Debug|Any CPU
		{58007C48-7CFB-40BB-B6AC-AFAB3F7A1F51}.Release|Any CPU.ActiveCfg = Release|Any CPU
		{58007C48-7CFB-40BB-B6AC-AFAB3F7A1F51}.Release|Any CPU.Build.0 = Release|Any CPU
		{15F82107-52D4-40A4-A878-880ECB7B65CB}.Debug|Any CPU.ActiveCfg = Debug|Any CPU
		{15F82107-52D4-40A4-A878-880ECB7B65CB}.Debug|Any CPU.Build.0 = Debug|Any CPU
		{15F82107-52D4-40A4-A878-880ECB7B65CB}.Release|Any CPU.ActiveCfg = Release|Any CPU
		{15F82107-52D4-40A4-A878-880ECB7B65CB}.Release|Any CPU.Build.0 = Release|Any CPU
		{23529055-F2D9-4C59-9ECD-72D3E834A2C9}.Debug|Any CPU.ActiveCfg = Debug|Any CPU
		{23529055-F2D9-4C59-9ECD-72D3E834A2C9}.Debug|Any CPU.Build.0 = Debug|Any CPU
		{23529055-F2D9-4C59-9ECD-72D3E834A2C9}.Release|Any CPU.ActiveCfg = Release|Any CPU
		{23529055-F2D9-4C59-9ECD-72D3E834A2C9}.Release|Any CPU.Build.0 = Release|Any CPU
	EndGlobalSection
	GlobalSection(SolutionProperties) = preSolution
		HideSolutionNode = FALSE
	EndGlobalSection
	GlobalSection(NestedProjects) = preSolution
		{81038408-47B3-4A27-B4A7-A26CCC89943C} = {5936CF42-3646-46C5-A21B-AD4BF2E59BEF}
		{F16803B6-0444-4784-AE81-1D1EBBE9BC52} = {49597AAE-5728-44D5-B74A-984E2E51C221}
		{2B2B033A-DCC7-44A8-8633-15002F69E354} = {4CDB2EFF-3E77-44A8-B28B-1D375CD339CA}
		{58007C48-7CFB-40BB-B6AC-AFAB3F7A1F51} = {4CDB2EFF-3E77-44A8-B28B-1D375CD339CA}
		{15F82107-52D4-40A4-A878-880ECB7B65CB} = {4CDB2EFF-3E77-44A8-B28B-1D375CD339CA}
		{23529055-F2D9-4C59-9ECD-72D3E834A2C9} = {5936CF42-3646-46C5-A21B-AD4BF2E59BEF}
	EndGlobalSection
	GlobalSection(ExtensibilityGlobals) = postSolution
		SolutionGuid = {FEDF2160-5E91-46AF-8DC6-E8BDDA72D174}
	EndGlobalSection
EndGlobal
